github.com/schnerring/hugo-mod-json-resume v0.0.0-20250928135521-00d3d2bbeb4f h1:Hz72pnt/YFqyqK93tSTtuKccbwWLw3TUvWmHbbr+um8=
github.com/schnerring/hugo-mod-json-resume v0.0.0-20250928135521-00d3d2bbeb4f/go.mod h1:N6MmSAFHCe8yxY4zcjvbPmi6XNoqK9wp5CAeOkd4IjI=
github.com/schnerring/hugo-theme-gruvbox v0.0.0-20250925154257-379b1423cb65 h1:3ASjWATLP3dG9sU4qfTxzC/LR6mTzl8TlpD0mJenaOI=
github.com/schnerring/hugo-theme-gruvbox v0.0.0-20250925154257-379b1423cb65/go.mod h1:hNzpTnxuG75JqH7yUryFc/wYNDqSaIAZuOQTl8tPHVA=
